// !$*UTF8*$!
{
	archiveVersion = 1;
	classes = {
	};
	objectVersion = 46;
	objects = {

/* Begin PBXBuildFile section */
		7A20845C1BC3135A005AED8E /* AppDelegate.swift in Sources */ = {isa = PBXBuildFile; fileRef = 7A20845B1BC3135A005AED8E /* AppDelegate.swift */; };
		7A20845E1BC3135A005AED8E /* ViewController.swift in Sources */ = {isa = PBXBuildFile; fileRef = 7A20845D1BC3135A005AED8E /* ViewController.swift */; };
		7A2084611BC3135A005AED8E /* Main.storyboard in Resources */ = {isa = PBXBuildFile; fileRef = 7A20845F1BC3135A005AED8E /* Main.storyboard */; };
		7A2084631BC3135A005AED8E /* Assets.xcassets in Resources */ = {isa = PBXBuildFile; fileRef = 7A2084621BC3135A005AED8E /* Assets.xcassets */; };
		7A2084661BC3135A005AED8E /* LaunchScreen.storyboard in Resources */ = {isa = PBXBuildFile; fileRef = 7A2084641BC3135A005AED8E /* LaunchScreen.storyboard */; };
		7A2084711BC3135B005AED8E /* Login_ProjectTests.swift in Sources */ = {isa = PBXBuildFile; fileRef = 7A2084701BC3135B005AED8E /* Login_ProjectTests.swift */; };
		7A20847C1BC3135B005AED8E /* Login_ProjectUITests.swift in Sources */ = {isa = PBXBuildFile; fileRef = 7A20847B1BC3135B005AED8E /* Login_ProjectUITests.swift */; };
		7A449C0D1BC489A700C69BCE /* kendrick.jpg in Resources */ = {isa = PBXBuildFile; fileRef = 7A449C0C1BC489A700C69BCE /* kendrick.jpg */; settings = {ASSET_TAGS = (); }; };
		7A449C101BC489ED00C69BCE /* Scenic.jpg in Resources */ = {isa = PBXBuildFile; fileRef = 7A449C0E1BC489ED00C69BCE /* Scenic.jpg */; settings = {ASSET_TAGS = (); }; };
		7A449C111BC489ED00C69BCE /* woods.jpg in Resources */ = {isa = PBXBuildFile; fileRef = 7A449C0F1BC489ED00C69BCE /* woods.jpg */; settings = {ASSET_TAGS = (); }; };
/* End PBXBuildFile section */

/* Begin PBXContainerItemProxy section */
		7A20846D1BC3135B005AED8E /* PBXContainerItemProxy */ = {
			isa = PBXContainerItemProxy;
			containerPortal = 7A2084501BC3135A005AED8E /* Project object */;
			proxyType = 1;
			remoteGlobalIDString = 7A2084571BC3135A005AED8E;
			remoteInfo = "Login Project";
		};
		7A2084781BC3135B005AED8E /* PBXContainerItemProxy */ = {
			isa = PBXContainerItemProxy;
			containerPortal = 7A2084501BC3135A005AED8E /* Project object */;
			proxyType = 1;
			remoteGlobalIDString = 7A2084571BC3135A005AED8E;
			remoteInfo = "Login Project";
		};
/* End PBXContainerItemProxy section */

/* Begin PBXFileReference section */
		7A2084581BC3135A005AED8E /* Login Project.app */ = {isa = PBXFileReference; explicitFileType = wrapper.application; includeInIndex = 0; path = "Login Project.app"; sourceTree = BUILT_PRODUCTS_DIR; };
		7A20845B1BC3135A005AED8E /* AppDelegate.swift */ = {isa = PBXFileReference; lastKnownFileType = sourcecode.swift; path = AppDelegate.swift; sourceTree = "<group>"; };
		7A20845D1BC3135A005AED8E /* ViewController.swift */ = {isa = PBXFileReference; lastKnownFileType = sourcecode.swift; path = ViewController.swift; sourceTree = "<group>"; };
		7A2084601BC3135A005AED8E /* Base */ = {isa = PBXFileReference; lastKnownFileType = file.storyboard; name = Base; path = Base.lproj/Main.storyboard; sourceTree = "<group>"; };
		7A2084621BC3135A005AED8E /* Assets.xcassets */ = {isa = PBXFileReference; lastKnownFileType = folder.assetcatalog; path = Assets.xcassets; sourceTree = "<group>"; };
		7A2084651BC3135A005AED8E /* Base */ = {isa = PBXFileReference; lastKnownFileType = file.storyboard; name = Base; path = Base.lproj/LaunchScreen.storyboard; sourceTree = "<group>"; };
		7A2084671BC3135A005AED8E /* Info.plist */ = {isa = PBXFileReference; lastKnownFileType = text.plist.xml; path = Info.plist; sourceTree = "<group>"; };
		7A20846C1BC3135B005AED8E /* Login ProjectTests.xctest */ = {isa = PBXFileReference; explicitFileType = wrapper.cfbundle; includeInIndex = 0; path = "Login ProjectTests.xctest"; sourceTree = BUILT_PRODUCTS_DIR; };
		7A2084701BC3135B005AED8E /* Login_ProjectTests.swift */ = {isa = PBXFileReference; lastKnownFileType = sourcecode.swift; path = Login_ProjectTests.swift; sourceTree = "<group>"; };
		7A2084721BC3135B005AED8E /* Info.plist */ = {isa = PBXFileReference; lastKnownFileType = text.plist.xml; path = Info.plist; sourceTree = "<group>"; };
		7A2084771BC3135B005AED8E /* Login ProjectUITests.xctest */ = {isa = PBXFileReference; explicitFileType = wrapper.cfbundle; includeInIndex = 0; path = "Login ProjectUITests.xctest"; sourceTree = BUILT_PRODUCTS_DIR; };
		7A20847B1BC3135B005AED8E /* Login_ProjectUITests.swift */ = {isa = PBXFileReference; lastKnownFileType = sourcecode.swift; path = Login_ProjectUITests.swift; sourceTree = "<group>"; };
		7A20847D1BC3135B005AED8E /* Info.plist */ = {isa = PBXFileReference; lastKnownFileType = text.plist.xml; path = Info.plist; sourceTree = "<group>"; };
		7A449C0C1BC489A700C69BCE /* kendrick.jpg */ = {isa = PBXFileReference; lastKnownFileType = image.jpeg; name = kendrick.jpg; path = ../../../../../Downloads/kendrick.jpg; sourceTree = "<group>"; };
		7A449C0E1BC489ED00C69BCE /* Scenic.jpg */ = {isa = PBXFileReference; lastKnownFileType = image.jpeg; name = Scenic.jpg; path = ../../../../../Desktop/Scenic.jpg; sourceTree = "<group>"; };
		7A449C0F1BC489ED00C69BCE /* woods.jpg */ = {isa = PBXFileReference; lastKnownFileType = image.jpeg; name = woods.jpg; path = ../../../../../Desktop/woods.jpg; sourceTree = "<group>"; };
/* End PBXFileReference section */

/* Begin PBXFrameworksBuildPhase section */
		7A2084551BC3135A005AED8E /* Frameworks */ = {
			isa = PBXFrameworksBuildPhase;
			buildActionMask = 2147483647;
			files = (
			);
			runOnlyForDeploymentPostprocessing = 0;
		};
		7A2084691BC3135B005AED8E /* Frameworks */ = {
			isa = PBXFrameworksBuildPhase;
			buildActionMask = 2147483647;
			files = (
			);
			runOnlyForDeploymentPostprocessing = 0;
		};
		7A2084741BC3135B005AED8E /* Frameworks */ = {
			isa = PBXFrameworksBuildPhase;
			buildActionMask = 2147483647;
			files = (
			);
			runOnlyForDeploymentPostprocessing = 0;
		};
/* End PBXFrameworksBuildPhase section */

/* Begin PBXGroup section */
		7A20844F1BC3135A005AED8E = {
			isa = PBXGroup;
			children = (
				7A20845A1BC3135A005AED8E /* Login Project */,
				7A20846F1BC3135B005AED8E /* Login ProjectTests */,
				7A20847A1BC3135B005AED8E /* Login ProjectUITests */,
				7A2084591BC3135A005AED8E /* Products */,
			);
			sourceTree = "<group>";
		};
		7A2084591BC3135A005AED8E /* Products */ = {
			isa = PBXGroup;
			children = (
				7A2084581BC3135A005AED8E /* Login Project.app */,
				7A20846C1BC3135B005AED8E /* Login ProjectTests.xctest */,
				7A2084771BC3135B005AED8E /* Login ProjectUITests.xctest */,
			);
			name = Products;
			sourceTree = "<group>";
		};
		7A20845A1BC3135A005AED8E /* Login Project */ = {
			isa = PBXGroup;
			children = (
				7A20845B1BC3135A005AED8E /* AppDelegate.swift */,
				7A20845D1BC3135A005AED8E /* ViewController.swift */,
				7A20845F1BC3135A005AED8E /* Main.storyboard */,
				7A449C0E1BC489ED00C69BCE /* Scenic.jpg */,
				7A449C0F1BC489ED00C69BCE /* woods.jpg */,
				7A449C0C1BC489A700C69BCE /* kendrick.jpg */,
				7A2084621BC3135A005AED8E /* Assets.xcassets */,
				7A2084641BC3135A005AED8E /* LaunchScreen.storyboard */,
				7A2084671BC3135A005AED8E /* Info.plist */,
			);
			path = "Login Project";
			sourceTree = "<group>";
		};
		7A20846F1BC3135B005AED8E /* Login ProjectTests */ = {
			isa = PBXGroup;
			children = (
				7A2084701BC3135B005AED8E /* Login_ProjectTests.swift */,
				7A2084721BC3135B005AED8E /* Info.plist */,
			);
			path = "Login ProjectTests";
			sourceTree = "<group>";
		};
		7A20847A1BC3135B005AED8E /* Login ProjectUITests */ = {
			isa = PBXGroup;
			children = (
				7A20847B1BC3135B005AED8E /* Login_ProjectUITests.swift */,
				7A20847D1BC3135B005AED8E /* Info.plist */,
			);
			path = "Login ProjectUITests";
			sourceTree = "<group>";
		};
/* End PBXGroup section */

/* Begin PBXNativeTarget section */
		7A2084571BC3135A005AED8E /* Login Project */ = {
			isa = PBXNativeTarget;
			buildConfigurationList = 7A2084801BC3135B005AED8E /* Build configuration list for PBXNativeTarget "Login Project" */;
			buildPhases = (
				7A2084541BC3135A005AED8E /* Sources */,
				7A2084551BC3135A005AED8E /* Frameworks */,
				7A2084561BC3135A005AED8E /* Resources */,
			);
			buildRules = (
			);
			dependencies = (
			);
			name = "Login Project";
			productName = "Login Project";
			productReference = 7A2084581BC3135A005AED8E /* Login Project.app */;
			productType = "com.apple.product-type.application";
		};
		7A20846B1BC3135B005AED8E /* Login ProjectTests */ = {
			isa = PBXNativeTarget;
			buildConfigurationList = 7A2084831BC3135B005AED8E /* Build configuration list for PBXNativeTarget "Login ProjectTests" */;
			buildPhases = (
				7A2084681BC3135B005AED8E /* Sources */,
				7A2084691BC3135B005AED8E /* Frameworks */,
				7A20846A1BC3135B005AED8E /* Resources */,
			);
			buildRules = (
			);
			dependencies = (
				7A20846E1BC3135B005AED8E /* PBXTargetDependency */,
			);
			name = "Login ProjectTests";
			productName = "Login ProjectTests";
			productReference = 7A20846C1BC3135B005AED8E /* Login ProjectTests.xctest */;
			productType = "com.apple.product-type.bundle.unit-test";
		};
		7A2084761BC3135B005AED8E /* Login ProjectUITests */ = {
			isa = PBXNativeTarget;
			buildConfigurationList = 7A2084861BC3135B005AED8E /* Build configuration list for PBXNativeTarget "Login ProjectUITests" */;
			buildPhases = (
				7A2084731BC3135B005AED8E /* Sources */,
				7A2084741BC3135B005AED8E /* Frameworks */,
				7A2084751BC3135B005AED8E /* Resources */,
			);
			buildRules = (
			);
			dependencies = (
				7A2084791BC3135B005AED8E /* PBXTargetDependency */,
			);
			name = "Login ProjectUITests";
			productName = "Login ProjectUITests";
			productReference = 7A2084771BC3135B005AED8E /* Login ProjectUITests.xctest */;
			productType = "com.apple.product-type.bundle.ui-testing";
		};
/* End PBXNativeTarget section */

/* Begin PBXProject section */
		7A2084501BC3135A005AED8E /* Project object */ = {
			isa = PBXProject;
			attributes = {
				LastUpgradeCheck = 0700;
				ORGANIZATIONNAME = "Kendrick Jackson";
				TargetAttributes = {
					7A2084571BC3135A005AED8E = {
						CreatedOnToolsVersion = 7.0.1;
					};
					7A20846B1BC3135B005AED8E = {
						CreatedOnToolsVersion = 7.0.1;
						TestTargetID = 7A2084571BC3135A005AED8E;
					};
					7A2084761BC3135B005AED8E = {
						CreatedOnToolsVersion = 7.0.1;
						TestTargetID = 7A2084571BC3135A005AED8E;
					};
				};
			};
			buildConfigurationList = 7A2084531BC3135A005AED8E /* Build configuration list for PBXProject "Login Project" */;
			compatibilityVersion = "Xcode 3.2";
			developmentRegion = English;
			hasScannedForEncodings = 0;
			knownRegions = (
				en,
				Base,
			);
			mainGroup = 7A20844F1BC3135A005AED8E;
			productRefGroup = 7A2084591BC3135A005AED8E /* Products */;
			projectDirPath = "";
			projectRoot = "";
			targets = (
				7A2084571BC3135A005AED8E /* Login Project */,
				7A20846B1BC3135B005AED8E /* Login ProjectTests */,
				7A2084761BC3135B005AED8E /* Login ProjectUITests */,
			);
		};
/* End PBXProject section */

/* Begin PBXResourcesBuildPhase section */
		7A2084561BC3135A005AED8E /* Resources */ = {
			isa = PBXResourcesBuildPhase;
			buildActionMask = 2147483647;
			files = (
				7A2084661BC3135A005AED8E /* LaunchScreen.storyboard in Resources */,
				7A449C101BC489ED00C69BCE /* Scenic.jpg in Resources */,
				7A2084631BC3135A005AED8E /* Assets.xcassets in Resources */,
				7A449C0D1BC489A700C69BCE /* kendrick.jpg in Resources */,
				7A449C111BC489ED00C69BCE /* woods.jpg in Resources */,
				7A2084611BC3135A005AED8E /* Main.storyboard in Resources */,
			);
			runOnlyForDeploymentPostprocessing = 0;
		};
		7A20846A1BC3135B005AED8E /* Resources */ = {
			isa = PBXResourcesBuildPhase;
			buildActionMask = 2147483647;
			files = (
			);
			runOnlyForDeploymentPostprocessing = 0;
		};
		7A2084751BC3135B005AED8E /* Resources */ = {
			isa = PBXResourcesBuildPhase;
			buildActionMask = 2147483647;
			files = (
			);
			runOnlyForDeploymentPostprocessing = 0;
		};
/* End PBXResourcesBuildPhase section */

/* Begin PBXSourcesBuildPhase section */
		7A2084541BC3135A005AED8E /* Sources */ = {
			isa = PBXSourcesBuildPhase;
			buildActionMask = 2147483647;
			files = (
				7A20845E1BC3135A005AED8E /* ViewController.swift in Sources */,
				7A20845C1BC3135A005AED8E /* AppDelegate.swift in Sources */,
			);
			runOnlyForDeploymentPostprocessing = 0;
		};
		7A2084681BC3135B005AED8E /* Sources */ = {
			isa = PBXSourcesBuildPhase;
			buildActionMask = 2147483647;
			files = (
				7A2084711BC3135B005AED8E /* Login_ProjectTests.swift in Sources */,
			);
			runOnlyForDeploymentPostprocessing = 0;
		};
		7A2084731BC3135B005AED8E /* Sources */ = {
			isa = PBXSourcesBuildPhase;
			buildActionMask = 2147483647;
			files = (
				7A20847C1BC3135B005AED8E /* Login_ProjectUITests.swift in Sources */,
			);
			runOnlyForDeploymentPostprocessing = 0;
		};
/* End PBXSourcesBuildPhase section */

/* Begin PBXTargetDependency section */
		7A20846E1BC3135B005AED8E /* PBXTargetDependency */ = {
			isa = PBXTargetDependency;
			target = 7A2084571BC3135A005AED8E /* Login Project */;
			targetProxy = 7A20846D1BC3135B005AED8E /* PBXContainerItemProxy */;
		};
		7A2084791BC3135B005AED8E /* PBXTargetDependency */ = {
			isa = PBXTargetDependency;
			target = 7A2084571BC3135A005AED8E /* Login Project */;
			targetProxy = 7A2084781BC3135B005AED8E /* PBXContainerItemProxy */;
		};
/* End PBXTargetDependency section */

/* Begin PBXVariantGroup section */
		7A20845F1BC3135A005AED8E /* Main.storyboard */ = {
			isa = PBXVariantGroup;
			children = (
				7A2084601BC3135A005AED8E /* Base */,
			);
			name = Main.storyboard;
			sourceTree = "<group>";
		};
		7A2084641BC3135A005AED8E /* LaunchScreen.storyboard */ = {
			isa = PBXVariantGroup;
			children = (
				7A2084651BC3135A005AED8E /* Base */,
			);
			name = LaunchScreen.storyboard;
			sourceTree = "<group>";
		};
/* End PBXVariantGroup section */

/* Begin XCBuildConfiguration section */
		7A20847E1BC3135B005AED8E /* Debug */ = {
			isa = XCBuildConfiguration;
			buildSettings = {
				ALWAYS_SEARCH_USER_PATHS = NO;
				CLANG_CXX_LANGUAGE_STANDARD = "gnu++0x";
				CLANG_CXX_LIBRARY = "libc++";
				CLANG_ENABLE_MODULES = YES;
				CLANG_ENABLE_OBJC_ARC = YES;
				CLANG_WARN_BOOL_CONVERSION = YES;
				CLANG_WARN_CONSTANT_CONVERSION = YES;
				CLANG_WARN_DIRECT_OBJC_ISA_USAGE = YES_ERROR;
				CLANG_WARN_EMPTY_BODY = YES;
				CLANG_WARN_ENUM_CONVERSION = YES;
				CLANG_WARN_INT_CONVERSION = YES;
				CLANG_WARN_OBJC_ROOT_CLASS = YES_ERROR;
				CLANG_WARN_UNREACHABLE_CODE = YES;
				CLANG_WARN__DUPLICATE_METHOD_MATCH = YES;
				"CODE_SIGN_IDENTITY[sdk=iphoneos*]" = "iPhone Developer";
				COPY_PHASE_STRIP = NO;
				DEBUG_INFORMATION_FORMAT = dwarf;
				ENABLE_STRICT_OBJC_MSGSEND = YES;
				ENABLE_TESTABILITY = YES;
				GCC_C_LANGUAGE_STANDARD = gnu99;
				GCC_DYNAMIC_NO_PIC = NO;
				GCC_NO_COMMON_BLOCKS = YES;
				GCC_OPTIMIZATION_LEVEL = 0;
				GCC_PREPROCESSOR_DEFINITIONS = (
					"DEBUG=1",
					"$(inherited)",
				);
				GCC_WARN_64_TO_32_BIT_CONVERSION = YES;
				GCC_WARN_ABOUT_RETURN_TYPE = YES_ERROR;
				GCC_WARN_UNDECLARED_SELECTOR = YES;
				GCC_WARN_UNINITIALIZED_AUTOS = YES_AGGRESSIVE;
				GCC_WARN_UNUSED_FUNCTION = YES;
				GCC_WARN_UNUSED_VARIABLE = YES;
				IPHONEOS_DEPLOYMENT_TARGET = 9.0;
				MTL_ENABLE_DEBUG_INFO = YES;
				ONLY_ACTIVE_ARCH = YES;
				SDKROOT = iphoneos;
				SWIFT_OPTIMIZATION_LEVEL = "-Onone";
				TARGETED_DEVICE_FAMILY = "1,2";
			};
			name = Debug;
		};
		7A20847F1BC3135B005AED8E /* Release */ = {
			isa = XCBuildConfiguration;
			buildSettings = {
				ALWAYS_SEARCH_USER_PATHS = NO;
				CLANG_CXX_LANGUAGE_STANDARD = "gnu++0x";
				CLANG_CXX_LIBRARY = "libc++";
				CLANG_ENABLE_MODULES = YES;
				CLANG_ENABLE_OBJC_ARC = YES;
				CLANG_WARN_BOOL_CONVERSION = YES;
				CLANG_WARN_CONSTANT_CONVERSION = YES;
				CLANG_WARN_DIRECT_OBJC_ISA_USAGE = YES_ERROR;
				CLANG_WARN_EMPTY_BODY = YES;
				CLANG_WARN_ENUM_CONVERSION = YES;
				CLANG_WARN_INT_CONVERSION = YES;
				CLANG_WARN_OBJC_ROOT_CLASS = YES_ERROR;
				CLANG_WARN_UNREACHABLE_CODE = YES;
				CLANG_WARN__DUPLICATE_METHOD_MATCH = YES;
				"CODE_SIGN_IDENTITY[sdk=iphoneos*]" = "iPhone Developer";
				COPY_PHASE_STRIP = NO;
				DEBUG_INFORMATION_FORMAT = "dwarf-with-dsym";
				ENABLE_NS_ASSERTIONS = NO;
				ENABLE_STRICT_OBJC_MSGSEND = YES;
				GCC_C_LANGUAGE_STANDARD = gnu99;
				GCC_NO_COMMON_BLOCKS = YES;
				GCC_WARN_64_TO_32_BIT_CONVERSION = YES;
				GCC_WARN_ABOUT_RETURN_TYPE = YES_ERROR;
				GCC_WARN_UNDECLARED_SELECTOR = YES;
				GCC_WARN_UNINITIALIZED_AUTOS = YES_AGGRESSIVE;
				GCC_WARN_UNUSED_FUNCTION = YES;
				GCC_WARN_UNUSED_VARIABLE = YES;
				IPHONEOS_DEPLOYMENT_TARGET = 9.0;
				MTL_ENABLE_DEBUG_INFO = NO;
				SDKROOT = iphoneos;
				TARGETED_DEVICE_FAMILY = "1,2";
				VALIDATE_PRODUCT = YES;
			};
			name = Release;
		};
		7A2084811BC3135B005AED8E /* Debug */ = {
			isa = XCBuildConfiguration;
			buildSettings = {
				ASSETCATALOG_COMPILER_APPICON_NAME = AppIcon;
				INFOPLIST_FILE = "Login Project/Info.plist";
				LD_RUNPATH_SEARCH_PATHS = "$(inherited) @executable_path/Frameworks";
				PRODUCT_BUNDLE_IDENTIFIER = "co.ga.sup.Login-Project";
				PRODUCT_NAME = "$(TARGET_NAME)";
			};
			name = Debug;
		};
		7A2084821BC3135B005AED8E /* Release */ = {
			isa = XCBuildConfiguration;
			buildSettings = {
				ASSETCATALOG_COMPILER_APPICON_NAME = AppIcon;
				INFOPLIST_FILE = "Login Project/Info.plist";
				LD_RUNPATH_SEARCH_PATHS = "$(inherited) @executable_path/Frameworks";
				PRODUCT_BUNDLE_IDENTIFIER = "co.ga.sup.Login-Project";
				PRODUCT_NAME = "$(TARGET_NAME)";
			};
			name = Release;
		};
		7A2084841BC3135B005AED8E /* Debug */ = {
			isa = XCBuildConfiguration;
			buildSettings = {
				BUNDLE_LOADER = "$(TEST_HOST)";
				INFOPLIST_FILE = "Login ProjectTests/Info.plist";
				LD_RUNPATH_SEARCH_PATHS = "$(inherited) @executable_path/Frameworks @loader_path/Frameworks";
				PRODUCT_BUNDLE_IDENTIFIER = "co.ga.sup.Login-ProjectTests";
				PRODUCT_NAME = "$(TARGET_NAME)";
				TEST_HOST = "$(BUILT_PRODUCTS_DIR)/Login Project.app/Login Project";
			};
			name = Debug;
		};
		7A2084851BC3135B005AED8E /* Release */ = {
			isa = XCBuildConfiguration;
			buildSettings = {
				BUNDLE_LOADER = "$(TEST_HOST)";
				INFOPLIST_FILE = "Login ProjectTests/Info.plist";
				LD_RUNPATH_SEARCH_PATHS = "$(inherited) @executable_path/Frameworks @loader_path/Frameworks";
				PRODUCT_BUNDLE_IDENTIFIER = "co.ga.sup.Login-ProjectTests";
				PRODUCT_NAME = "$(TARGET_NAME)";
				TEST_HOST = "$(BUILT_PRODUCTS_DIR)/Login Project.app/Login Project";
			};
			name = Release;
		};
		7A2084871BC3135B005AED8E /* Debug */ = {
			isa = XCBuildConfiguration;
			buildSettings = {
				INFOPLIST_FILE = "Login ProjectUITests/Info.plist";
				LD_RUNPATH_SEARCH_PATHS = "$(inherited) @executable_path/Frameworks @loader_path/Frameworks";
				PRODUCT_BUNDLE_IDENTIFIER = "co.ga.sup.Login-ProjectUITests";
				PRODUCT_NAME = "$(TARGET_NAME)";
				TEST_TARGET_NAME = "Login Project";
				USES_XCTRUNNER = YES;
			};
			name = Debug;
		};
		7A2084881BC3135B005AED8E /* Release */ = {
			isa = XCBuildConfiguration;
			buildSettings = {
				INFOPLIST_FILE = "Login ProjectUITests/Info.plist";
				LD_RUNPATH_SEARCH_PATHS = "$(inherited) @executable_path/Frameworks @loader_path/Frameworks";
				PRODUCT_BUNDLE_IDENTIFIER = "co.ga.sup.Login-ProjectUITests";
				PRODUCT_NAME = "$(TARGET_NAME)";
				TEST_TARGET_NAME = "Login Project";
				USES_XCTRUNNER = YES;
			};
			name = Release;
		};
/* End XCBuildConfiguration section */

/* Begin XCConfigurationList section */
		7A2084531BC3135A005AED8E /* Build configuration list for PBXProject "Login Project" */ = {
			isa = XCConfigurationList;
			buildConfigurations = (
				7A20847E1BC3135B005AED8E /* Debug */,
				7A20847F1BC3135B005AED8E /* Release */,
			);
			defaultConfigurationIsVisible = 0;
			defaultConfigurationName = Release;
		};
		7A2084801BC3135B005AED8E /* Build configuration list for PBXNativeTarget "Login Project" */ = {
			isa = XCConfigurationList;
			buildConfigurations = (
				7A2084811BC3135B005AED8E /* Debug */,
				7A2084821BC3135B005AED8E /* Release */,
			);
			defaultConfigurationIsVisible = 0;
			defaultConfigurationName = Release;
		};
		7A2084831BC3135B005AED8E /* Build configuration list for PBXNativeTarget "Login ProjectTests" */ = {
			isa = XCConfigurationList;
			buildConfigurations = (
				7A2084841BC3135B005AED8E /* Debug */,
				7A2084851BC3135B005AED8E /* Release */,
			);
			defaultConfigurationIsVisible = 0;
			defaultConfigurationName = Release;
		};
		7A2084861BC3135B005AED8E /* Build configuration list for PBXNativeTarget "Login ProjectUITests" */ = {
			isa = XCConfigurationList;
			buildConfigurations = (
				7A2084871BC3135B005AED8E /* Debug */,
				7A2084881BC3135B005AED8E /* Release */,
			);
			defaultConfigurationIsVisible = 0;
			defaultConfigurationName = Release;
		};
/* End XCConfigurationList section */
	};
	rootObject = 7A2084501BC3135A005AED8E /* Project object */;
}
